
Microsoft Visual Studio Solution File, Format Version 12.00
# Visual Studio Version 16
VisualStudioVersion = 16.0.31624.102
MinimumVisualStudioVersion = 10.0.40219.1
Project("{FAE04EC0-301F-11D3-BF4B-00C04F79EFBC}") = "PetsRescue_ProyectoFinal", "PetsRescue_ProyectoFinal\PetsRescue_ProyectoFinal.csproj", "{3513C859-5233-4609-86D2-BED24ED64B65}"
EndProject
Global
	GlobalSection(SolutionConfigurationPlatforms) = preSolution
		Debug|Any CPU = Debug|Any CPU
		Release|Any CPU = Release|Any CPU
	EndGlobalSection
	GlobalSection(ProjectConfigurationPlatforms) = postSolution
		{3513C859-5233-4609-86D2-BED24ED64B65}.Debug|Any CPU.ActiveCfg = Debug|Any CPU
		{3513C859-5233-4609-86D2-BED24ED64B65}.Debug|Any CPU.Build.0 = Debug|Any CPU
		{3513C859-5233-4609-86D2-BED24ED64B65}.Release|Any CPU.ActiveCfg = Release|Any CPU
		{3513C859-5233-4609-86D2-BED24ED64B65}.Release|Any CPU.Build.0 = Release|Any CPU
	EndGlobalSection
	GlobalSection(SolutionProperties) = preSolution
		HideSolutionNode = FALSE
	EndGlobalSection
	GlobalSection(ExtensibilityGlobals) = postSolution
		SolutionGuid = {584DEA2D-883A-4AB8-9795-2734D9765946}
	EndGlobalSection
EndGlobal
